
Microsoft Visual Studio Solution File, Format Version 12.00
# Visual Studio Version 17
VisualStudioVersion = 17.13.35818.85 d17.13
MinimumVisualStudioVersion = 10.0.40219.1
Project("{FAE04EC0-301F-11D3-BF4B-00C04F79EFBC}") = "Multi-threading Implementation", "Multi-threading Implementation\Multi-threading Implementation.csproj", "{22B82570-A3D6-443C-B133-4B52BC825587}"
EndProject
Global
	GlobalSection(SolutionConfigurationPlatforms) = preSolution
		Debug|Any CPU = Debug|Any CPU
		Release|Any CPU = Release|Any CPU
	EndGlobalSection
	GlobalSection(ProjectConfigurationPlatforms) = postSolution
		{22B82570-A3D6-443C-B133-4B52BC825587}.Debug|Any CPU.ActiveCfg = Debug|Any CPU
		{22B82570-A3D6-443C-B133-4B52BC825587}.Debug|Any CPU.Build.0 = Debug|Any CPU
		{22B82570-A3D6-443C-B133-4B52BC825587}.Release|Any CPU.ActiveCfg = Release|Any CPU
		{22B82570-A3D6-443C-B133-4B52BC825587}.Release|Any CPU.Build.0 = Release|Any CPU
	EndGlobalSection
	GlobalSection(SolutionProperties) = preSolution
		HideSolutionNode = FALSE
	EndGlobalSection
	GlobalSection(ExtensibilityGlobals) = postSolution
		SolutionGuid = {14A0EB80-3AF4-493D-B8C9-2247F966003A}
	EndGlobalSection
EndGlobal
